
Microsoft Visual Studio Solution File, Format Version 12.00
# Visual Studio Version 17
VisualStudioVersion = 17.0.31903.59
MinimumVisualStudioVersion = 10.0.40219.1
Project("{2150E333-8FDC-42A3-9474-1A3956D46DE8}") = "src", "src", "{02EA681E-C7D8-13C7-8484-4AC65E1B71E8}"
EndProject
Project("{FAE04EC0-301F-11D3-BF4B-00C04F79EFBC}") = "ERP360.Pedidos.Api", "src\ERP360.Pedidos.Api\ERP360.Pedidos.Api.csproj", "{5EA664C9-D1CA-4197-5D46-9BA6A62E1ABA}"
EndProject
Project("{FAE04EC0-301F-11D3-BF4B-00C04F79EFBC}") = "ERP360.Pedidos.Application", "src\ERP360.Pedidos.Application\ERP360.Pedidos.Application.csproj", "{7D00182F-44E3-C416-7F2C-3C36C3D648E4}"
EndProject
Project("{FAE04EC0-301F-11D3-BF4B-00C04F79EFBC}") = "ERP360.Pedidos.Domain", "src\ERP360.Pedidos.Domain\ERP360.Pedidos.Domain.csproj", "{130A06EB-908D-4BE0-8682-402C8E04507F}"
EndProject
Project("{FAE04EC0-301F-11D3-BF4B-00C04F79EFBC}") = "ERP360.Pedidos.Infrastructure", "src\ERP360.Pedidos.Infrastructure\ERP360.Pedidos.Infrastructure.csproj", "{71C5F141-D4E2-0847-4498-D360BCFC7DEF}"
EndProject
Project("{2150E333-8FDC-42A3-9474-1A3956D46DE8}") = "test", "test", "{2B0BDA88-338C-4C05-A075-05BC47921B9B}"
EndProject
Project("{FAE04EC0-301F-11D3-BF4B-00C04F79EFBC}") = "ERP360.Pedidos.Domain.Tests", "tests\ERP360.Pedidos.Domain.Tests\ERP360.Pedidos.Domain.Tests.csproj", "{F857E00E-D138-4F11-8308-E14E9AA6CAFF}"
EndProject
Global
	GlobalSection(SolutionConfigurationPlatforms) = preSolution
		Debug|Any CPU = Debug|Any CPU
		Release|Any CPU = Release|Any CPU
	EndGlobalSection
	GlobalSection(ProjectConfigurationPlatforms) = postSolution
		{5EA664C9-D1CA-4197-5D46-9BA6A62E1ABA}.Debug|Any CPU.ActiveCfg = Debug|Any CPU
		{5EA664C9-D1CA-4197-5D46-9BA6A62E1ABA}.Debug|Any CPU.Build.0 = Debug|Any CPU
		{5EA664C9-D1CA-4197-5D46-9BA6A62E1ABA}.Release|Any CPU.ActiveCfg = Release|Any CPU
		{5EA664C9-D1CA-4197-5D46-9BA6A62E1ABA}.Release|Any CPU.Build.0 = Release|Any CPU
		{7D00182F-44E3-C416-7F2C-3C36C3D648E4}.Debug|Any CPU.ActiveCfg = Debug|Any CPU
		{7D00182F-44E3-C416-7F2C-3C36C3D648E4}.Debug|Any CPU.Build.0 = Debug|Any CPU
		{7D00182F-44E3-C416-7F2C-3C36C3D648E4}.Release|Any CPU.ActiveCfg = Release|Any CPU
		{7D00182F-44E3-C416-7F2C-3C36C3D648E4}.Release|Any CPU.Build.0 = Release|Any CPU
		{130A06EB-908D-4BE0-8682-402C8E04507F}.Debug|Any CPU.ActiveCfg = Debug|Any CPU
		{130A06EB-908D-4BE0-8682-402C8E04507F}.Debug|Any CPU.Build.0 = Debug|Any CPU
		{130A06EB-908D-4BE0-8682-402C8E04507F}.Release|Any CPU.ActiveCfg = Release|Any CPU
		{130A06EB-908D-4BE0-8682-402C8E04507F}.Release|Any CPU.Build.0 = Release|Any CPU
		{71C5F141-D4E2-0847-4498-D360BCFC7DEF}.Debug|Any CPU.ActiveCfg = Debug|Any CPU
		{71C5F141-D4E2-0847-4498-D360BCFC7DEF}.Debug|Any CPU.Build.0 = Debug|Any CPU
		{71C5F141-D4E2-0847-4498-D360BCFC7DEF}.Release|Any CPU.ActiveCfg = Release|Any CPU
		{71C5F141-D4E2-0847-4498-D360BCFC7DEF}.Release|Any CPU.Build.0 = Release|Any CPU
		{F857E00E-D138-4F11-8308-E14E9AA6CAFF}.Debug|Any CPU.ActiveCfg = Debug|Any CPU
		{F857E00E-D138-4F11-8308-E14E9AA6CAFF}.Debug|Any CPU.Build.0 = Debug|Any CPU
		{F857E00E-D138-4F11-8308-E14E9AA6CAFF}.Release|Any CPU.ActiveCfg = Release|Any CPU
		{F857E00E-D138-4F11-8308-E14E9AA6CAFF}.Release|Any CPU.Build.0 = Release|Any CPU
	EndGlobalSection
	GlobalSection(SolutionProperties) = preSolution
		HideSolutionNode = FALSE
	EndGlobalSection
	GlobalSection(NestedProjects) = preSolution
		{5EA664C9-D1CA-4197-5D46-9BA6A62E1ABA} = {02EA681E-C7D8-13C7-8484-4AC65E1B71E8}
		{7D00182F-44E3-C416-7F2C-3C36C3D648E4} = {02EA681E-C7D8-13C7-8484-4AC65E1B71E8}
		{130A06EB-908D-4BE0-8682-402C8E04507F} = {02EA681E-C7D8-13C7-8484-4AC65E1B71E8}
		{71C5F141-D4E2-0847-4498-D360BCFC7DEF} = {02EA681E-C7D8-13C7-8484-4AC65E1B71E8}
		{F857E00E-D138-4F11-8308-E14E9AA6CAFF} = {2B0BDA88-338C-4C05-A075-05BC47921B9B}
	EndGlobalSection
	GlobalSection(ExtensibilityGlobals) = postSolution
		SolutionGuid = {48AD9590-AC94-4280-A63F-161C51D3D073}
	EndGlobalSection
EndGlobal
